
Microsoft Visual Studio Solution File, Format Version 12.00
# Visual Studio Version 17
VisualStudioVersion = 17.0.32112.339
MinimumVisualStudioVersion = 10.0.40219.1
Project("{FAE04EC0-301F-11D3-BF4B-00C04F79EFBC}") = "Дата", "Дата.csproj", "{DCC77F81-08B8-466F-9C7D-FFAAF08551C4}"
EndProject
Global
	GlobalSection(SolutionConfigurationPlatforms) = preSolution
		Debug|Any CPU = Debug|Any CPU
		Release|Any CPU = Release|Any CPU
	EndGlobalSection
	GlobalSection(ProjectConfigurationPlatforms) = postSolution
		{DCC77F81-08B8-466F-9C7D-FFAAF08551C4}.Debug|Any CPU.ActiveCfg = Debug|Any CPU
		{DCC77F81-08B8-466F-9C7D-FFAAF08551C4}.Debug|Any CPU.Build.0 = Debug|Any CPU
		{DCC77F81-08B8-466F-9C7D-FFAAF08551C4}.Release|Any CPU.ActiveCfg = Release|Any CPU
		{DCC77F81-08B8-466F-9C7D-FFAAF08551C4}.Release|Any CPU.Build.0 = Release|Any CPU
	EndGlobalSection
	GlobalSection(SolutionProperties) = preSolution
		HideSolutionNode = FALSE
	EndGlobalSection
	GlobalSection(ExtensibilityGlobals) = postSolution
		SolutionGuid = {787CF6C3-43F4-4A1B-9CC5-B08E6ED7386F}
	EndGlobalSection
EndGlobal
